
Microsoft Visual Studio Solution File, Format Version 12.00
# Visual Studio Version 17
VisualStudioVersion = 17.9.34622.214
MinimumVisualStudioVersion = 10.0.40219.1
Project("{9A19103F-16F7-4668-BE54-9A1E7A4F7556}") = "CARS", "CARS\CARS.csproj", "{98AF6867-E186-4760-9B25-D293EE7F9BFC}"
EndProject
Project("{FAE04EC0-301F-11D3-BF4B-00C04F79EFBC}") = "CrimeAnalysisTestUnit", "CrimeAnalysisTestUnit\CrimeAnalysisTestUnit.csproj", "{A1BB7C07-60B5-4D68-9A8B-4E663882C72E}"
EndProject
Global
	GlobalSection(SolutionConfigurationPlatforms) = preSolution
		Debug|Any CPU = Debug|Any CPU
		Release|Any CPU = Release|Any CPU
	EndGlobalSection
	GlobalSection(ProjectConfigurationPlatforms) = postSolution
		{98AF6867-E186-4760-9B25-D293EE7F9BFC}.Debug|Any CPU.ActiveCfg = Debug|Any CPU
		{98AF6867-E186-4760-9B25-D293EE7F9BFC}.Debug|Any CPU.Build.0 = Debug|Any CPU
		{98AF6867-E186-4760-9B25-D293EE7F9BFC}.Release|Any CPU.ActiveCfg = Release|Any CPU
		{98AF6867-E186-4760-9B25-D293EE7F9BFC}.Release|Any CPU.Build.0 = Release|Any CPU
		{A1BB7C07-60B5-4D68-9A8B-4E663882C72E}.Debug|Any CPU.ActiveCfg = Debug|Any CPU
		{A1BB7C07-60B5-4D68-9A8B-4E663882C72E}.Debug|Any CPU.Build.0 = Debug|Any CPU
		{A1BB7C07-60B5-4D68-9A8B-4E663882C72E}.Release|Any CPU.ActiveCfg = Release|Any CPU
		{A1BB7C07-60B5-4D68-9A8B-4E663882C72E}.Release|Any CPU.Build.0 = Release|Any CPU
	EndGlobalSection
	GlobalSection(SolutionProperties) = preSolution
		HideSolutionNode = FALSE
	EndGlobalSection
	GlobalSection(ExtensibilityGlobals) = postSolution
		SolutionGuid = {4C6CA08E-EFFD-48B5-9E3D-807C7644FBD7}
	EndGlobalSection
EndGlobal
